
Microsoft Visual Studio Solution File, Format Version 12.00
# Visual Studio 15
VisualStudioVersion = 15.0.25807.0
MinimumVisualStudioVersion = 10.0.40219.1
Project("{2150E333-8FDC-42A3-9474-1A3956D46DE8}") = "Engine", "Engine", "{4659454D-D0B4-4E9C-9EC4-A601D47BB4BE}"
EndProject
Project("{2150E333-8FDC-42A3-9474-1A3956D46DE8}") = "Games", "Games", "{C039CD57-B62F-41F8-A3AC-BA2474DB237C}"
EndProject
Project("{8BC9CEB8-8B4A-11D0-8D11-00A0C91BC942}") = "UE4", "Intermediate\ProjectFiles\UE4.vcxproj", "{986C9492-1ECE-459F-A321-868389F3BA62}"
EndProject
Project("{8BC9CEB8-8B4A-11D0-8D11-00A0C91BC942}") = "TheHouse", "Intermediate\ProjectFiles\TheHouse.vcxproj", "{2430B31D-8CEF-4540-B872-F03D25EC188A}"
EndProject
Global
	GlobalSection(SolutionConfigurationPlatforms) = preSolution
		DebugGame Editor|HTML5 = DebugGame Editor|HTML5
		DebugGame Editor|Win32 = DebugGame Editor|Win32
		DebugGame Editor|Win64 = DebugGame Editor|Win64
		DebugGame|HTML5 = DebugGame|HTML5
		DebugGame|Win32 = DebugGame|Win32
		DebugGame|Win64 = DebugGame|Win64
		Development Editor|HTML5 = Development Editor|HTML5
		Development Editor|Win32 = Development Editor|Win32
		Development Editor|Win64 = Development Editor|Win64
		Development|HTML5 = Development|HTML5
		Development|Win32 = Development|Win32
		Development|Win64 = Development|Win64
		Shipping|HTML5 = Shipping|HTML5
		Shipping|Win32 = Shipping|Win32
		Shipping|Win64 = Shipping|Win64
	EndGlobalSection
	GlobalSection(ProjectConfigurationPlatforms) = postSolution
		{986C9492-1ECE-459F-A321-868389F3BA62}.DebugGame Editor|HTML5.ActiveCfg = BuiltWithUnrealBuildTool|Win32
		{986C9492-1ECE-459F-A321-868389F3BA62}.DebugGame Editor|HTML5.Build.0 = BuiltWithUnrealBuildTool|Win32
		{986C9492-1ECE-459F-A321-868389F3BA62}.DebugGame Editor|Win32.ActiveCfg = BuiltWithUnrealBuildTool|Win32
		{986C9492-1ECE-459F-A321-868389F3BA62}.DebugGame Editor|Win32.Build.0 = BuiltWithUnrealBuildTool|Win32
		{986C9492-1ECE-459F-A321-868389F3BA62}.DebugGame Editor|Win64.ActiveCfg = BuiltWithUnrealBuildTool|Win32
		{986C9492-1ECE-459F-A321-868389F3BA62}.DebugGame Editor|Win64.Build.0 = BuiltWithUnrealBuildTool|Win32
		{986C9492-1ECE-459F-A321-868389F3BA62}.DebugGame|HTML5.ActiveCfg = BuiltWithUnrealBuildTool|Win32
		{986C9492-1ECE-459F-A321-868389F3BA62}.DebugGame|HTML5.Build.0 = BuiltWithUnrealBuildTool|Win32
		{986C9492-1ECE-459F-A321-868389F3BA62}.DebugGame|Win32.ActiveCfg = BuiltWithUnrealBuildTool|Win32
		{986C9492-1ECE-459F-A321-868389F3BA62}.DebugGame|Win32.Build.0 = BuiltWithUnrealBuildTool|Win32
		{986C9492-1ECE-459F-A321-868389F3BA62}.DebugGame|Win64.ActiveCfg = BuiltWithUnrealBuildTool|Win32
		{986C9492-1ECE-459F-A321-868389F3BA62}.DebugGame|Win64.Build.0 = BuiltWithUnrealBuildTool|Win32
		{986C9492-1ECE-459F-A321-868389F3BA62}.Development Editor|HTML5.ActiveCfg = BuiltWithUnrealBuildTool|Win32
		{986C9492-1ECE-459F-A321-868389F3BA62}.Development Editor|HTML5.Build.0 = BuiltWithUnrealBuildTool|Win32
		{986C9492-1ECE-459F-A321-868389F3BA62}.Development Editor|Win32.ActiveCfg = BuiltWithUnrealBuildTool|Win32
		{986C9492-1ECE-459F-A321-868389F3BA62}.Development Editor|Win32.Build.0 = BuiltWithUnrealBuildTool|Win32
		{986C9492-1ECE-459F-A321-868389F3BA62}.Development Editor|Win64.ActiveCfg = BuiltWithUnrealBuildTool|Win32
		{986C9492-1ECE-459F-A321-868389F3BA62}.Development Editor|Win64.Build.0 = BuiltWithUnrealBuildTool|Win32
		{986C9492-1ECE-459F-A321-868389F3BA62}.Development|HTML5.ActiveCfg = BuiltWithUnrealBuildTool|Win32
		{986C9492-1ECE-459F-A321-868389F3BA62}.Development|HTML5.Build.0 = BuiltWithUnrealBuildTool|Win32
		{986C9492-1ECE-459F-A321-868389F3BA62}.Development|Win32.ActiveCfg = BuiltWithUnrealBuildTool|Win32
		{986C9492-1ECE-459F-A321-868389F3BA62}.Development|Win32.Build.0 = BuiltWithUnrealBuildTool|Win32
		{986C9492-1ECE-459F-A321-868389F3BA62}.Development|Win64.ActiveCfg = BuiltWithUnrealBuildTool|Win32
		{986C9492-1ECE-459F-A321-868389F3BA62}.Development|Win64.Build.0 = BuiltWithUnrealBuildTool|Win32
		{986C9492-1ECE-459F-A321-868389F3BA62}.Shipping|HTML5.ActiveCfg = BuiltWithUnrealBuildTool|Win32
		{986C9492-1ECE-459F-A321-868389F3BA62}.Shipping|HTML5.Build.0 = BuiltWithUnrealBuildTool|Win32
		{986C9492-1ECE-459F-A321-868389F3BA62}.Shipping|Win32.ActiveCfg = BuiltWithUnrealBuildTool|Win32
		{986C9492-1ECE-459F-A321-868389F3BA62}.Shipping|Win32.Build.0 = BuiltWithUnrealBuildTool|Win32
		{986C9492-1ECE-459F-A321-868389F3BA62}.Shipping|Win64.ActiveCfg = BuiltWithUnrealBuildTool|Win32
		{986C9492-1ECE-459F-A321-868389F3BA62}.Shipping|Win64.Build.0 = BuiltWithUnrealBuildTool|Win32
		{2430B31D-8CEF-4540-B872-F03D25EC188A}.DebugGame Editor|HTML5.ActiveCfg = HTML5_DebugGame_Editor|Win32
		{2430B31D-8CEF-4540-B872-F03D25EC188A}.DebugGame Editor|Win32.ActiveCfg = DebugGame_Editor|Win32
		{2430B31D-8CEF-4540-B872-F03D25EC188A}.DebugGame Editor|Win64.ActiveCfg = DebugGame_Editor|x64
		{2430B31D-8CEF-4540-B872-F03D25EC188A}.DebugGame Editor|Win64.Build.0 = DebugGame_Editor|x64
		{2430B31D-8CEF-4540-B872-F03D25EC188A}.DebugGame|HTML5.ActiveCfg = HTML5_DebugGame_Game|Win32
		{2430B31D-8CEF-4540-B872-F03D25EC188A}.DebugGame|HTML5.Build.0 = HTML5_DebugGame_Game|Win32
		{2430B31D-8CEF-4540-B872-F03D25EC188A}.DebugGame|Win32.ActiveCfg = DebugGame_Game|Win32
		{2430B31D-8CEF-4540-B872-F03D25EC188A}.DebugGame|Win32.Build.0 = DebugGame_Game|Win32
		{2430B31D-8CEF-4540-B872-F03D25EC188A}.DebugGame|Win64.ActiveCfg = DebugGame_Game|x64
		{2430B31D-8CEF-4540-B872-F03D25EC188A}.DebugGame|Win64.Build.0 = DebugGame_Game|x64
		{2430B31D-8CEF-4540-B872-F03D25EC188A}.Development Editor|HTML5.ActiveCfg = HTML5_Development_Editor|Win32
		{2430B31D-8CEF-4540-B872-F03D25EC188A}.Development Editor|Win32.ActiveCfg = Development_Editor|Win32
		{2430B31D-8CEF-4540-B872-F03D25EC188A}.Development Editor|Win64.ActiveCfg = Development_Editor|x64
		{2430B31D-8CEF-4540-B872-F03D25EC188A}.Development Editor|Win64.Build.0 = Development_Editor|x64
		{2430B31D-8CEF-4540-B872-F03D25EC188A}.Development|HTML5.ActiveCfg = HTML5_Development_Game|Win32
		{2430B31D-8CEF-4540-B872-F03D25EC188A}.Development|HTML5.Build.0 = HTML5_Development_Game|Win32
		{2430B31D-8CEF-4540-B872-F03D25EC188A}.Development|Win32.ActiveCfg = Development_Game|Win32
		{2430B31D-8CEF-4540-B872-F03D25EC188A}.Development|Win32.Build.0 = Development_Game|Win32
		{2430B31D-8CEF-4540-B872-F03D25EC188A}.Development|Win64.ActiveCfg = Development_Game|x64
		{2430B31D-8CEF-4540-B872-F03D25EC188A}.Development|Win64.Build.0 = Development_Game|x64
		{2430B31D-8CEF-4540-B872-F03D25EC188A}.Shipping|HTML5.ActiveCfg = HTML5_Shipping_Game|Win32
		{2430B31D-8CEF-4540-B872-F03D25EC188A}.Shipping|HTML5.Build.0 = HTML5_Shipping_Game|Win32
		{2430B31D-8CEF-4540-B872-F03D25EC188A}.Shipping|Win32.ActiveCfg = Shipping_Game|Win32
		{2430B31D-8CEF-4540-B872-F03D25EC188A}.Shipping|Win32.Build.0 = Shipping_Game|Win32
		{2430B31D-8CEF-4540-B872-F03D25EC188A}.Shipping|Win64.ActiveCfg = Shipping_Game|x64
		{2430B31D-8CEF-4540-B872-F03D25EC188A}.Shipping|Win64.Build.0 = Shipping_Game|x64
	EndGlobalSection
	GlobalSection(SolutionProperties) = preSolution
		HideSolutionNode = FALSE
	EndGlobalSection
	GlobalSection(NestedProjects) = preSolution
		{986C9492-1ECE-459F-A321-868389F3BA62} = {4659454D-D0B4-4E9C-9EC4-A601D47BB4BE}
		{2430B31D-8CEF-4540-B872-F03D25EC188A} = {C039CD57-B62F-41F8-A3AC-BA2474DB237C}
	EndGlobalSection
	GlobalSection(ExtensibilityGlobals) = postSolution
		SolutionGuid = {FD910878-1538-49D9-8F41-CCACFC93C1DD}
	EndGlobalSection
EndGlobal
